// !$*UTF8*$!
{
	archiveVersion = 1;
	classes = {
	};
	objectVersion = 50;
	objects = {

/* Begin PBXBuildFile section */
		337D413123DE7A7237EAABDB /* libPods-RevoHttpTests.a in Frameworks */ = {isa = PBXBuildFile; fileRef = 168F60BCD528CAFF7762A285 /* libPods-RevoHttpTests.a */; };
		8D3B0C8623996BE0003C1847 /* HttpFake.swift in Sources */ = {isa = PBXBuildFile; fileRef = 8D3B0C8523996BE0003C1847 /* HttpFake.swift */; };
		8DCA904623994B6A00CF8984 /* AppDelegate.swift in Sources */ = {isa = PBXBuildFile; fileRef = 8DCA904523994B6A00CF8984 /* AppDelegate.swift */; };
		8DCA904823994B6A00CF8984 /* SceneDelegate.swift in Sources */ = {isa = PBXBuildFile; fileRef = 8DCA904723994B6A00CF8984 /* SceneDelegate.swift */; };
		8DCA904A23994B6A00CF8984 /* ViewController.swift in Sources */ = {isa = PBXBuildFile; fileRef = 8DCA904923994B6A00CF8984 /* ViewController.swift */; };
		8DCA904D23994B6A00CF8984 /* Main.storyboard in Resources */ = {isa = PBXBuildFile; fileRef = 8DCA904B23994B6A00CF8984 /* Main.storyboard */; };
		8DCA904F23994B6E00CF8984 /* Assets.xcassets in Resources */ = {isa = PBXBuildFile; fileRef = 8DCA904E23994B6E00CF8984 /* Assets.xcassets */; };
		8DCA905223994B6E00CF8984 /* LaunchScreen.storyboard in Resources */ = {isa = PBXBuildFile; fileRef = 8DCA905023994B6E00CF8984 /* LaunchScreen.storyboard */; };
		8DCA905D23994B6E00CF8984 /* RevoHttpTests.swift in Sources */ = {isa = PBXBuildFile; fileRef = 8DCA905C23994B6E00CF8984 /* RevoHttpTests.swift */; };
		8DCA906923994DA600CF8984 /* Http.swift in Sources */ = {isa = PBXBuildFile; fileRef = 8DCA906823994DA600CF8984 /* Http.swift */; };
		8DCA906B23994E4500CF8984 /* HttpResponse.swift in Sources */ = {isa = PBXBuildFile; fileRef = 8DCA906A23994E4500CF8984 /* HttpResponse.swift */; };
		8DCA906D23994ED800CF8984 /* HttpRequest.swift in Sources */ = {isa = PBXBuildFile; fileRef = 8DCA906C23994ED800CF8984 /* HttpRequest.swift */; };
		8DCF23C624F6CA3100176B0C /* MultipartHttpRequest.swift in Sources */ = {isa = PBXBuildFile; fileRef = 8DCF23C524F6CA3100176B0C /* MultipartHttpRequest.swift */; };
		BBAFBFE623F15179000F8C68 /* HttpError.swift in Sources */ = {isa = PBXBuildFile; fileRef = BBAFBFE523F15179000F8C68 /* HttpError.swift */; };
		EAAD589A28741FB30040E9F3 /* InsecureUrlSession.swift in Sources */ = {isa = PBXBuildFile; fileRef = EAAD589928741FB30040E9F3 /* InsecureUrlSession.swift */; };
		EAB991012863250E000C0CB5 /* HttpStaticExtension.swift in Sources */ = {isa = PBXBuildFile; fileRef = EAB991002863250E000C0CB5 /* HttpStaticExtension.swift */; };
		EAF950442ED5BE5900F3145A /* Http+Async.swift in Sources */ = {isa = PBXBuildFile; fileRef = EAF950432ED5BE5600F3145A /* Http+Async.swift */; };
		FCD6BB43809B99F6856D6F8E /* libPods-RevoHttp.a in Frameworks */ = {isa = PBXBuildFile; fileRef = 0974CB760EEDA86965A4D7EA /* libPods-RevoHttp.a */; };
/* End PBXBuildFile section */

/* Begin PBXContainerItemProxy section */
		8DCA905923994B6E00CF8984 /* PBXContainerItemProxy */ = {
			isa = PBXContainerItemProxy;
			containerPortal = 8DCA903A23994B6A00CF8984 /* Project object */;
			proxyType = 1;
			remoteGlobalIDString = 8DCA904123994B6A00CF8984;
			remoteInfo = RevoHttp;
		};
/* End PBXContainerItemProxy section */

/* Begin PBXFileReference section */
		0974CB760EEDA86965A4D7EA /* libPods-RevoHttp.a */ = {isa = PBXFileReference; explicitFileType = archive.ar; includeInIndex = 0; path = "libPods-RevoHttp.a"; sourceTree = BUILT_PRODUCTS_DIR; };
		168F60BCD528CAFF7762A285 /* libPods-RevoHttpTests.a */ = {isa = PBXFileReference; explicitFileType = archive.ar; includeInIndex = 0; path = "libPods-RevoHttpTests.a"; sourceTree = BUILT_PRODUCTS_DIR; };
		26A1B3F753906F4AB478D1E4 /* Pods-RevoHttpTests.debug.xcconfig */ = {isa = PBXFileReference; includeInIndex = 1; lastKnownFileType = text.xcconfig; name = "Pods-RevoHttpTests.debug.xcconfig"; path = "Target Support Files/Pods-RevoHttpTests/Pods-RevoHttpTests.debug.xcconfig"; sourceTree = "<group>"; };
		4653401A24C46D6553A721CA /* Pods-RevoHttp.release.xcconfig */ = {isa = PBXFileReference; includeInIndex = 1; lastKnownFileType = text.xcconfig; name = "Pods-RevoHttp.release.xcconfig"; path = "Target Support Files/Pods-RevoHttp/Pods-RevoHttp.release.xcconfig"; sourceTree = "<group>"; };
		87B0DCAF3E8BAA8D252F28EF /* Pods-RevoHttpTests.release.xcconfig */ = {isa = PBXFileReference; includeInIndex = 1; lastKnownFileType = text.xcconfig; name = "Pods-RevoHttpTests.release.xcconfig"; path = "Target Support Files/Pods-RevoHttpTests/Pods-RevoHttpTests.release.xcconfig"; sourceTree = "<group>"; };
		8BF2749BE41885A16AE28D1D /* Pods-RevoHttp.debug.xcconfig */ = {isa = PBXFileReference; includeInIndex = 1; lastKnownFileType = text.xcconfig; name = "Pods-RevoHttp.debug.xcconfig"; path = "Target Support Files/Pods-RevoHttp/Pods-RevoHttp.debug.xcconfig"; sourceTree = "<group>"; };
		8D3B0C8523996BE0003C1847 /* HttpFake.swift */ = {isa = PBXFileReference; lastKnownFileType = sourcecode.swift; path = HttpFake.swift; sourceTree = "<group>"; };
		8DCA904223994B6A00CF8984 /* RevoHttp.app */ = {isa = PBXFileReference; explicitFileType = wrapper.application; includeInIndex = 0; path = RevoHttp.app; sourceTree = BUILT_PRODUCTS_DIR; };
		8DCA904523994B6A00CF8984 /* AppDelegate.swift */ = {isa = PBXFileReference; lastKnownFileType = sourcecode.swift; path = AppDelegate.swift; sourceTree = "<group>"; };
		8DCA904723994B6A00CF8984 /* SceneDelegate.swift */ = {isa = PBXFileReference; lastKnownFileType = sourcecode.swift; path = SceneDelegate.swift; sourceTree = "<group>"; };
		8DCA904923994B6A00CF8984 /* ViewController.swift */ = {isa = PBXFileReference; lastKnownFileType = sourcecode.swift; path = ViewController.swift; sourceTree = "<group>"; };
		8DCA904C23994B6A00CF8984 /* Base */ = {isa = PBXFileReference; lastKnownFileType = file.storyboard; name = Base; path = Base.lproj/Main.storyboard; sourceTree = "<group>"; };
		8DCA904E23994B6E00CF8984 /* Assets.xcassets */ = {isa = PBXFileReference; lastKnownFileType = folder.assetcatalog; path = Assets.xcassets; sourceTree = "<group>"; };
		8DCA905123994B6E00CF8984 /* Base */ = {isa = PBXFileReference; lastKnownFileType = file.storyboard; name = Base; path = Base.lproj/LaunchScreen.storyboard; sourceTree = "<group>"; };
		8DCA905323994B6E00CF8984 /* Info.plist */ = {isa = PBXFileReference; lastKnownFileType = text.plist.xml; path = Info.plist; sourceTree = "<group>"; };
		8DCA905823994B6E00CF8984 /* RevoHttpTests.xctest */ = {isa = PBXFileReference; explicitFileType = wrapper.cfbundle; includeInIndex = 0; path = RevoHttpTests.xctest; sourceTree = BUILT_PRODUCTS_DIR; };
		8DCA905C23994B6E00CF8984 /* RevoHttpTests.swift */ = {isa = PBXFileReference; lastKnownFileType = sourcecode.swift; path = RevoHttpTests.swift; sourceTree = "<group>"; };
		8DCA905E23994B6E00CF8984 /* Info.plist */ = {isa = PBXFileReference; lastKnownFileType = text.plist.xml; path = Info.plist; sourceTree = "<group>"; };
		8DCA906823994DA600CF8984 /* Http.swift */ = {isa = PBXFileReference; lastKnownFileType = sourcecode.swift; path = Http.swift; sourceTree = "<group>"; };
		8DCA906A23994E4500CF8984 /* HttpResponse.swift */ = {isa = PBXFileReference; lastKnownFileType = sourcecode.swift; path = HttpResponse.swift; sourceTree = "<group>"; };
		8DCA906C23994ED800CF8984 /* HttpRequest.swift */ = {isa = PBXFileReference; lastKnownFileType = sourcecode.swift; path = HttpRequest.swift; sourceTree = "<group>"; };
		8DCF23C524F6CA3100176B0C /* MultipartHttpRequest.swift */ = {isa = PBXFileReference; lastKnownFileType = sourcecode.swift; path = MultipartHttpRequest.swift; sourceTree = "<group>"; };
		BBAFBFE523F15179000F8C68 /* HttpError.swift */ = {isa = PBXFileReference; lastKnownFileType = sourcecode.swift; path = HttpError.swift; sourceTree = "<group>"; };
		EAAD589928741FB30040E9F3 /* InsecureUrlSession.swift */ = {isa = PBXFileReference; lastKnownFileType = sourcecode.swift; path = InsecureUrlSession.swift; sourceTree = "<group>"; };
		EAB991002863250E000C0CB5 /* HttpStaticExtension.swift */ = {isa = PBXFileReference; lastKnownFileType = sourcecode.swift; path = HttpStaticExtension.swift; sourceTree = "<group>"; };
		EAF950432ED5BE5600F3145A /* Http+Async.swift */ = {isa = PBXFileReference; lastKnownFileType = sourcecode.swift; path = "Http+Async.swift"; sourceTree = "<group>"; };
/* End PBXFileReference section */

/* Begin PBXFrameworksBuildPhase section */
		8DCA903F23994B6A00CF8984 /* Frameworks */ = {
			isa = PBXFrameworksBuildPhase;
			buildActionMask = 2147483647;
			files = (
				FCD6BB43809B99F6856D6F8E /* libPods-RevoHttp.a in Frameworks */,
			);
			runOnlyForDeploymentPostprocessing = 0;
		};
		8DCA905523994B6E00CF8984 /* Frameworks */ = {
			isa = PBXFrameworksBuildPhase;
			buildActionMask = 2147483647;
			files = (
				337D413123DE7A7237EAABDB /* libPods-RevoHttpTests.a in Frameworks */,
			);
			runOnlyForDeploymentPostprocessing = 0;
		};
/* End PBXFrameworksBuildPhase section */

/* Begin PBXGroup section */
		44D55E1CF0FF1DC335A93761 /* Frameworks */ = {
			isa = PBXGroup;
			children = (
				0974CB760EEDA86965A4D7EA /* libPods-RevoHttp.a */,
				168F60BCD528CAFF7762A285 /* libPods-RevoHttpTests.a */,
			);
			name = Frameworks;
			sourceTree = "<group>";
		};
		8D3B0C8423996BCD003C1847 /* Fake */ = {
			isa = PBXGroup;
			children = (
				8D3B0C8523996BE0003C1847 /* HttpFake.swift */,
			);
			path = Fake;
			sourceTree = "<group>";
		};
		8DCA903923994B6A00CF8984 = {
			isa = PBXGroup;
			children = (
				8DCA904423994B6A00CF8984 /* RevoHttp */,
				8DCA905B23994B6E00CF8984 /* RevoHttpTests */,
				8DCA904323994B6A00CF8984 /* Products */,
				94E74D8A835DCC9A4D104112 /* Pods */,
				44D55E1CF0FF1DC335A93761 /* Frameworks */,
			);
			sourceTree = "<group>";
		};
		8DCA904323994B6A00CF8984 /* Products */ = {
			isa = PBXGroup;
			children = (
				8DCA904223994B6A00CF8984 /* RevoHttp.app */,
				8DCA905823994B6E00CF8984 /* RevoHttpTests.xctest */,
			);
			name = Products;
			sourceTree = "<group>";
		};
		8DCA904423994B6A00CF8984 /* RevoHttp */ = {
			isa = PBXGroup;
			children = (
				8DCA906723994D8700CF8984 /* src */,
				8DCA904523994B6A00CF8984 /* AppDelegate.swift */,
				8DCA904723994B6A00CF8984 /* SceneDelegate.swift */,
				8DCA904923994B6A00CF8984 /* ViewController.swift */,
				8DCA904B23994B6A00CF8984 /* Main.storyboard */,
				8DCA904E23994B6E00CF8984 /* Assets.xcassets */,
				8DCA905023994B6E00CF8984 /* LaunchScreen.storyboard */,
				8DCA905323994B6E00CF8984 /* Info.plist */,
			);
			path = RevoHttp;
			sourceTree = "<group>";
		};
		8DCA905B23994B6E00CF8984 /* RevoHttpTests */ = {
			isa = PBXGroup;
			children = (
				8DCA905C23994B6E00CF8984 /* RevoHttpTests.swift */,
				8DCA905E23994B6E00CF8984 /* Info.plist */,
			);
			path = RevoHttpTests;
			sourceTree = "<group>";
		};
		8DCA906723994D8700CF8984 /* src */ = {
			isa = PBXGroup;
			children = (
				8D3B0C8423996BCD003C1847 /* Fake */,
				8DCA906823994DA600CF8984 /* Http.swift */,
				EAF950432ED5BE5600F3145A /* Http+Async.swift */,
				EAB991002863250E000C0CB5 /* HttpStaticExtension.swift */,
				8DCA906A23994E4500CF8984 /* HttpResponse.swift */,
				8DCA906C23994ED800CF8984 /* HttpRequest.swift */,
				8DCF23C524F6CA3100176B0C /* MultipartHttpRequest.swift */,
				BBAFBFE523F15179000F8C68 /* HttpError.swift */,
				EAAD589928741FB30040E9F3 /* InsecureUrlSession.swift */,
			);
			path = src;
			sourceTree = "<group>";
		};
		94E74D8A835DCC9A4D104112 /* Pods */ = {
			isa = PBXGroup;
			children = (
				8BF2749BE41885A16AE28D1D /* Pods-RevoHttp.debug.xcconfig */,
				4653401A24C46D6553A721CA /* Pods-RevoHttp.release.xcconfig */,
				26A1B3F753906F4AB478D1E4 /* Pods-RevoHttpTests.debug.xcconfig */,
				87B0DCAF3E8BAA8D252F28EF /* Pods-RevoHttpTests.release.xcconfig */,
			);
			path = Pods;
			sourceTree = "<group>";
		};
/* End PBXGroup section */

/* Begin PBXNativeTarget section */
		8DCA904123994B6A00CF8984 /* RevoHttp */ = {
			isa = PBXNativeTarget;
			buildConfigurationList = 8DCA906123994B6E00CF8984 /* Build configuration list for PBXNativeTarget "RevoHttp" */;
			buildPhases = (
				FA5F8EF8D09F5F9206121271 /* [CP] Check Pods Manifest.lock */,
				8DCA903E23994B6A00CF8984 /* Sources */,
				8DCA903F23994B6A00CF8984 /* Frameworks */,
				8DCA904023994B6A00CF8984 /* Resources */,
			);
			buildRules = (
			);
			dependencies = (
			);
			name = RevoHttp;
			productName = RevoHttp;
			productReference = 8DCA904223994B6A00CF8984 /* RevoHttp.app */;
			productType = "com.apple.product-type.application";
		};
		8DCA905723994B6E00CF8984 /* RevoHttpTests */ = {
			isa = PBXNativeTarget;
			buildConfigurationList = 8DCA906423994B6E00CF8984 /* Build configuration list for PBXNativeTarget "RevoHttpTests" */;
			buildPhases = (
				CD1371994BE425FF35195308 /* [CP] Check Pods Manifest.lock */,
				8DCA905423994B6E00CF8984 /* Sources */,
				8DCA905523994B6E00CF8984 /* Frameworks */,
				8DCA905623994B6E00CF8984 /* Resources */,
			);
			buildRules = (
			);
			dependencies = (
				8DCA905A23994B6E00CF8984 /* PBXTargetDependency */,
			);
			name = RevoHttpTests;
			productName = RevoHttpTests;
			productReference = 8DCA905823994B6E00CF8984 /* RevoHttpTests.xctest */;
			productType = "com.apple.product-type.bundle.unit-test";
		};
/* End PBXNativeTarget section */

/* Begin PBXProject section */
		8DCA903A23994B6A00CF8984 /* Project object */ = {
			isa = PBXProject;
			attributes = {
				LastSwiftUpdateCheck = 1120;
				LastUpgradeCheck = 1120;
				ORGANIZATIONNAME = "Revo Systems";
				TargetAttributes = {
					8DCA904123994B6A00CF8984 = {
						CreatedOnToolsVersion = 11.2.1;
					};
					8DCA905723994B6E00CF8984 = {
						CreatedOnToolsVersion = 11.2.1;
						TestTargetID = 8DCA904123994B6A00CF8984;
					};
				};
			};
			buildConfigurationList = 8DCA903D23994B6A00CF8984 /* Build configuration list for PBXProject "RevoHttp" */;
			compatibilityVersion = "Xcode 9.3";
			developmentRegion = en;
			hasScannedForEncodings = 0;
			knownRegions = (
				en,
				Base,
			);
			mainGroup = 8DCA903923994B6A00CF8984;
			productRefGroup = 8DCA904323994B6A00CF8984 /* Products */;
			projectDirPath = "";
			projectRoot = "";
			targets = (
				8DCA904123994B6A00CF8984 /* RevoHttp */,
				8DCA905723994B6E00CF8984 /* RevoHttpTests */,
			);
		};
/* End PBXProject section */

/* Begin PBXResourcesBuildPhase section */
		8DCA904023994B6A00CF8984 /* Resources */ = {
			isa = PBXResourcesBuildPhase;
			buildActionMask = 2147483647;
			files = (
				8DCA905223994B6E00CF8984 /* LaunchScreen.storyboard in Resources */,
				8DCA904F23994B6E00CF8984 /* Assets.xcassets in Resources */,
				8DCA904D23994B6A00CF8984 /* Main.storyboard in Resources */,
			);
			runOnlyForDeploymentPostprocessing = 0;
		};
		8DCA905623994B6E00CF8984 /* Resources */ = {
			isa = PBXResourcesBuildPhase;
			buildActionMask = 2147483647;
			files = (
			);
			runOnlyForDeploymentPostprocessing = 0;
		};
/* End PBXResourcesBuildPhase section */

/* Begin PBXShellScriptBuildPhase section */
		CD1371994BE425FF35195308 /* [CP] Check Pods Manifest.lock */ = {
			isa = PBXShellScriptBuildPhase;
			buildActionMask = 2147483647;
			files = (
			);
			inputFileListPaths = (
			);
			inputPaths = (
				"${PODS_PODFILE_DIR_PATH}/Podfile.lock",
				"${PODS_ROOT}/Manifest.lock",
			);
			name = "[CP] Check Pods Manifest.lock";
			outputFileListPaths = (
			);
			outputPaths = (
				"$(DERIVED_FILE_DIR)/Pods-RevoHttpTests-checkManifestLockResult.txt",
			);
			runOnlyForDeploymentPostprocessing = 0;
			shellPath = /bin/sh;
			shellScript = "diff \"${PODS_PODFILE_DIR_PATH}/Podfile.lock\" \"${PODS_ROOT}/Manifest.lock\" > /dev/null\nif [ $? != 0 ] ; then\n    # print error to STDERR\n    echo \"error: The sandbox is not in sync with the Podfile.lock. Run 'pod install' or update your CocoaPods installation.\" >&2\n    exit 1\nfi\n# This output is used by Xcode 'outputs' to avoid re-running this script phase.\necho \"SUCCESS\" > \"${SCRIPT_OUTPUT_FILE_0}\"\n";
			showEnvVarsInLog = 0;
		};
		FA5F8EF8D09F5F9206121271 /* [CP] Check Pods Manifest.lock */ = {
			isa = PBXShellScriptBuildPhase;
			buildActionMask = 2147483647;
			files = (
			);
			inputFileListPaths = (
			);
			inputPaths = (
				"${PODS_PODFILE_DIR_PATH}/Podfile.lock",
				"${PODS_ROOT}/Manifest.lock",
			);
			name = "[CP] Check Pods Manifest.lock";
			outputFileListPaths = (
			);
			outputPaths = (
				"$(DERIVED_FILE_DIR)/Pods-RevoHttp-checkManifestLockResult.txt",
			);
			runOnlyForDeploymentPostprocessing = 0;
			shellPath = /bin/sh;
			shellScript = "diff \"${PODS_PODFILE_DIR_PATH}/Podfile.lock\" \"${PODS_ROOT}/Manifest.lock\" > /dev/null\nif [ $? != 0 ] ; then\n    # print error to STDERR\n    echo \"error: The sandbox is not in sync with the Podfile.lock. Run 'pod install' or update your CocoaPods installation.\" >&2\n    exit 1\nfi\n# This output is used by Xcode 'outputs' to avoid re-running this script phase.\necho \"SUCCESS\" > \"${SCRIPT_OUTPUT_FILE_0}\"\n";
			showEnvVarsInLog = 0;
		};
/* End PBXShellScriptBuildPhase section */

/* Begin PBXSourcesBuildPhase section */
		8DCA903E23994B6A00CF8984 /* Sources */ = {
			isa = PBXSourcesBuildPhase;
			buildActionMask = 2147483647;
			files = (
				8DCA906B23994E4500CF8984 /* HttpResponse.swift in Sources */,
				8DCA906D23994ED800CF8984 /* HttpRequest.swift in Sources */,
				8DCA904A23994B6A00CF8984 /* ViewController.swift in Sources */,
				8DCF23C624F6CA3100176B0C /* MultipartHttpRequest.swift in Sources */,
				8DCA906923994DA600CF8984 /* Http.swift in Sources */,
				EAAD589A28741FB30040E9F3 /* InsecureUrlSession.swift in Sources */,
				EAB991012863250E000C0CB5 /* HttpStaticExtension.swift in Sources */,
				BBAFBFE623F15179000F8C68 /* HttpError.swift in Sources */,
				EAF950442ED5BE5900F3145A /* Http+Async.swift in Sources */,
				8DCA904623994B6A00CF8984 /* AppDelegate.swift in Sources */,
				8D3B0C8623996BE0003C1847 /* HttpFake.swift in Sources */,
				8DCA904823994B6A00CF8984 /* SceneDelegate.swift in Sources */,
			);
			runOnlyForDeploymentPostprocessing = 0;
		};
		8DCA905423994B6E00CF8984 /* Sources */ = {
			isa = PBXSourcesBuildPhase;
			buildActionMask = 2147483647;
			files = (
				8DCA905D23994B6E00CF8984 /* RevoHttpTests.swift in Sources */,
			);
			runOnlyForDeploymentPostprocessing = 0;
		};
/* End PBXSourcesBuildPhase section */

/* Begin PBXTargetDependency section */
		8DCA905A23994B6E00CF8984 /* PBXTargetDependency */ = {
			isa = PBXTargetDependency;
			target = 8DCA904123994B6A00CF8984 /* RevoHttp */;
			targetProxy = 8DCA905923994B6E00CF8984 /* PBXContainerItemProxy */;
		};
/* End PBXTargetDependency section */

/* Begin PBXVariantGroup section */
		8DCA904B23994B6A00CF8984 /* Main.storyboard */ = {
			isa = PBXVariantGroup;
			children = (
				8DCA904C23994B6A00CF8984 /* Base */,
			);
			name = Main.storyboard;
			sourceTree = "<group>";
		};
		8DCA905023994B6E00CF8984 /* LaunchScreen.storyboard */ = {
			isa = PBXVariantGroup;
			children = (
				8DCA905123994B6E00CF8984 /* Base */,
			);
			name = LaunchScreen.storyboard;
			sourceTree = "<group>";
		};
/* End PBXVariantGroup section */

/* Begin XCBuildConfiguration section */
		8DCA905F23994B6E00CF8984 /* Debug */ = {
			isa = XCBuildConfiguration;
			buildSettings = {
				ALWAYS_SEARCH_USER_PATHS = NO;
				CLANG_ANALYZER_NONNULL = YES;
				CLANG_ANALYZER_NUMBER_OBJECT_CONVERSION = YES_AGGRESSIVE;
				CLANG_CXX_LANGUAGE_STANDARD = "gnu++14";
				CLANG_CXX_LIBRARY = "libc++";
				CLANG_ENABLE_MODULES = YES;
				CLANG_ENABLE_OBJC_ARC = YES;
				CLANG_ENABLE_OBJC_WEAK = YES;
				CLANG_WARN_BLOCK_CAPTURE_AUTORELEASING = YES;
				CLANG_WARN_BOOL_CONVERSION = YES;
				CLANG_WARN_COMMA = YES;
				CLANG_WARN_CONSTANT_CONVERSION = YES;
				CLANG_WARN_DEPRECATED_OBJC_IMPLEMENTATIONS = YES;
				CLANG_WARN_DIRECT_OBJC_ISA_USAGE = YES_ERROR;
				CLANG_WARN_DOCUMENTATION_COMMENTS = YES;
				CLANG_WARN_EMPTY_BODY = YES;
				CLANG_WARN_ENUM_CONVERSION = YES;
				CLANG_WARN_INFINITE_RECURSION = YES;
				CLANG_WARN_INT_CONVERSION = YES;
				CLANG_WARN_NON_LITERAL_NULL_CONVERSION = YES;
				CLANG_WARN_OBJC_IMPLICIT_RETAIN_SELF = YES;
				CLANG_WARN_OBJC_LITERAL_CONVERSION = YES;
				CLANG_WARN_OBJC_ROOT_CLASS = YES_ERROR;
				CLANG_WARN_RANGE_LOOP_ANALYSIS = YES;
				CLANG_WARN_STRICT_PROTOTYPES = YES;
				CLANG_WARN_SUSPICIOUS_MOVE = YES;
				CLANG_WARN_UNGUARDED_AVAILABILITY = YES_AGGRESSIVE;
				CLANG_WARN_UNREACHABLE_CODE = YES;
				CLANG_WARN__DUPLICATE_METHOD_MATCH = YES;
				COPY_PHASE_STRIP = NO;
				DEBUG_INFORMATION_FORMAT = dwarf;
				ENABLE_STRICT_OBJC_MSGSEND = YES;
				ENABLE_TESTABILITY = YES;
				GCC_C_LANGUAGE_STANDARD = gnu11;
				GCC_DYNAMIC_NO_PIC = NO;
				GCC_NO_COMMON_BLOCKS = YES;
				GCC_OPTIMIZATION_LEVEL = 0;
				GCC_PREPROCESSOR_DEFINITIONS = (
					"DEBUG=1",
					"$(inherited)",
				);
				GCC_WARN_64_TO_32_BIT_CONVERSION = YES;
				GCC_WARN_ABOUT_RETURN_TYPE = YES_ERROR;
				GCC_WARN_UNDECLARED_SELECTOR = YES;
				GCC_WARN_UNINITIALIZED_AUTOS = YES_AGGRESSIVE;
				GCC_WARN_UNUSED_FUNCTION = YES;
				GCC_WARN_UNUSED_VARIABLE = YES;
				IPHONEOS_DEPLOYMENT_TARGET = 13.2;
				MTL_ENABLE_DEBUG_INFO = INCLUDE_SOURCE;
				MTL_FAST_MATH = YES;
				ONLY_ACTIVE_ARCH = YES;
				SDKROOT = iphoneos;
				SWIFT_ACTIVE_COMPILATION_CONDITIONS = DEBUG;
				SWIFT_OPTIMIZATION_LEVEL = "-Onone";
			};
			name = Debug;
		};
		8DCA906023994B6E00CF8984 /* Release */ = {
			isa = XCBuildConfiguration;
			buildSettings = {
				ALWAYS_SEARCH_USER_PATHS = NO;
				CLANG_ANALYZER_NONNULL = YES;
				CLANG_ANALYZER_NUMBER_OBJECT_CONVERSION = YES_AGGRESSIVE;
				CLANG_CXX_LANGUAGE_STANDARD = "gnu++14";
				CLANG_CXX_LIBRARY = "libc++";
				CLANG_ENABLE_MODULES = YES;
				CLANG_ENABLE_OBJC_ARC = YES;
				CLANG_ENABLE_OBJC_WEAK = YES;
				CLANG_WARN_BLOCK_CAPTURE_AUTORELEASING = YES;
				CLANG_WARN_BOOL_CONVERSION = YES;
				CLANG_WARN_COMMA = YES;
				CLANG_WARN_CONSTANT_CONVERSION = YES;
				CLANG_WARN_DEPRECATED_OBJC_IMPLEMENTATIONS = YES;
				CLANG_WARN_DIRECT_OBJC_ISA_USAGE = YES_ERROR;
				CLANG_WARN_DOCUMENTATION_COMMENTS = YES;
				CLANG_WARN_EMPTY_BODY = YES;
				CLANG_WARN_ENUM_CONVERSION = YES;
				CLANG_WARN_INFINITE_RECURSION = YES;
				CLANG_WARN_INT_CONVERSION = YES;
				CLANG_WARN_NON_LITERAL_NULL_CONVERSION = YES;
				CLANG_WARN_OBJC_IMPLICIT_RETAIN_SELF = YES;
				CLANG_WARN_OBJC_LITERAL_CONVERSION = YES;
				CLANG_WARN_OBJC_ROOT_CLASS = YES_ERROR;
				CLANG_WARN_RANGE_LOOP_ANALYSIS = YES;
				CLANG_WARN_STRICT_PROTOTYPES = YES;
				CLANG_WARN_SUSPICIOUS_MOVE = YES;
				CLANG_WARN_UNGUARDED_AVAILABILITY = YES_AGGRESSIVE;
				CLANG_WARN_UNREACHABLE_CODE = YES;
				CLANG_WARN__DUPLICATE_METHOD_MATCH = YES;
				COPY_PHASE_STRIP = NO;
				DEBUG_INFORMATION_FORMAT = "dwarf-with-dsym";
				ENABLE_NS_ASSERTIONS = NO;
				ENABLE_STRICT_OBJC_MSGSEND = YES;
				GCC_C_LANGUAGE_STANDARD = gnu11;
				GCC_NO_COMMON_BLOCKS = YES;
				GCC_WARN_64_TO_32_BIT_CONVERSION = YES;
				GCC_WARN_ABOUT_RETURN_TYPE = YES_ERROR;
				GCC_WARN_UNDECLARED_SELECTOR = YES;
				GCC_WARN_UNINITIALIZED_AUTOS = YES_AGGRESSIVE;
				GCC_WARN_UNUSED_FUNCTION = YES;
				GCC_WARN_UNUSED_VARIABLE = YES;
				IPHONEOS_DEPLOYMENT_TARGET = 13.2;
				MTL_ENABLE_DEBUG_INFO = NO;
				MTL_FAST_MATH = YES;
				SDKROOT = iphoneos;
				SWIFT_COMPILATION_MODE = wholemodule;
				SWIFT_OPTIMIZATION_LEVEL = "-O";
				VALIDATE_PRODUCT = YES;
			};
			name = Release;
		};
		8DCA906223994B6E00CF8984 /* Debug */ = {
			isa = XCBuildConfiguration;
			baseConfigurationReference = 8BF2749BE41885A16AE28D1D /* Pods-RevoHttp.debug.xcconfig */;
			buildSettings = {
				ASSETCATALOG_COMPILER_APPICON_NAME = AppIcon;
				CODE_SIGN_STYLE = Automatic;
				DEVELOPMENT_TEAM = F2VSE3YKKD;
				INFOPLIST_FILE = RevoHttp/Info.plist;
				LD_RUNPATH_SEARCH_PATHS = (
					"$(inherited)",
					"@executable_path/Frameworks",
				);
				PRODUCT_BUNDLE_IDENTIFIER = works.revo.RevoHttp;
				PRODUCT_NAME = "$(TARGET_NAME)";
				SWIFT_VERSION = 5.0;
				TARGETED_DEVICE_FAMILY = "1,2";
			};
			name = Debug;
		};
		8DCA906323994B6E00CF8984 /* Release */ = {
			isa = XCBuildConfiguration;
			baseConfigurationReference = 4653401A24C46D6553A721CA /* Pods-RevoHttp.release.xcconfig */;
			buildSettings = {
				ASSETCATALOG_COMPILER_APPICON_NAME = AppIcon;
				CODE_SIGN_STYLE = Automatic;
				DEVELOPMENT_TEAM = F2VSE3YKKD;
				INFOPLIST_FILE = RevoHttp/Info.plist;
				LD_RUNPATH_SEARCH_PATHS = (
					"$(inherited)",
					"@executable_path/Frameworks",
				);
				PRODUCT_BUNDLE_IDENTIFIER = works.revo.RevoHttp;
				PRODUCT_NAME = "$(TARGET_NAME)";
				SWIFT_VERSION = 5.0;
				TARGETED_DEVICE_FAMILY = "1,2";
			};
			name = Release;
		};
		8DCA906523994B6E00CF8984 /* Debug */ = {
			isa = XCBuildConfiguration;
			baseConfigurationReference = 26A1B3F753906F4AB478D1E4 /* Pods-RevoHttpTests.debug.xcconfig */;
			buildSettings = {
				ALWAYS_EMBED_SWIFT_STANDARD_LIBRARIES = YES;
				BUNDLE_LOADER = "$(TEST_HOST)";
				CODE_SIGN_STYLE = Automatic;
				DEVELOPMENT_TEAM = F2VSE3YKKD;
				INFOPLIST_FILE = RevoHttpTests/Info.plist;
				IPHONEOS_DEPLOYMENT_TARGET = 13.2;
				LD_RUNPATH_SEARCH_PATHS = (
					"$(inherited)",
					"@executable_path/Frameworks",
					"@loader_path/Frameworks",
				);
				PRODUCT_BUNDLE_IDENTIFIER = works.revo.RevoHttpTests;
				PRODUCT_NAME = "$(TARGET_NAME)";
				SWIFT_VERSION = 5.0;
				TARGETED_DEVICE_FAMILY = "1,2";
				TEST_HOST = "$(BUILT_PRODUCTS_DIR)/RevoHttp.app/RevoHttp";
			};
			name = Debug;
		};
		8DCA906623994B6E00CF8984 /* Release */ = {
			isa = XCBuildConfiguration;
			baseConfigurationReference = 87B0DCAF3E8BAA8D252F28EF /* Pods-RevoHttpTests.release.xcconfig */;
			buildSettings = {
				ALWAYS_EMBED_SWIFT_STANDARD_LIBRARIES = YES;
				BUNDLE_LOADER = "$(TEST_HOST)";
				CODE_SIGN_STYLE = Automatic;
				DEVELOPMENT_TEAM = F2VSE3YKKD;
				INFOPLIST_FILE = RevoHttpTests/Info.plist;
				IPHONEOS_DEPLOYMENT_TARGET = 13.2;
				LD_RUNPATH_SEARCH_PATHS = (
					"$(inherited)",
					"@executable_path/Frameworks",
					"@loader_path/Frameworks",
				);
				PRODUCT_BUNDLE_IDENTIFIER = works.revo.RevoHttpTests;
				PRODUCT_NAME = "$(TARGET_NAME)";
				SWIFT_VERSION = 5.0;
				TARGETED_DEVICE_FAMILY = "1,2";
				TEST_HOST = "$(BUILT_PRODUCTS_DIR)/RevoHttp.app/RevoHttp";
			};
			name = Release;
		};
/* End XCBuildConfiguration section */

/* Begin XCConfigurationList section */
		8DCA903D23994B6A00CF8984 /* Build configuration list for PBXProject "RevoHttp" */ = {
			isa = XCConfigurationList;
			buildConfigurations = (
				8DCA905F23994B6E00CF8984 /* Debug */,
				8DCA906023994B6E00CF8984 /* Release */,
			);
			defaultConfigurationIsVisible = 0;
			defaultConfigurationName = Release;
		};
		8DCA906123994B6E00CF8984 /* Build configuration list for PBXNativeTarget "RevoHttp" */ = {
			isa = XCConfigurationList;
			buildConfigurations = (
				8DCA906223994B6E00CF8984 /* Debug */,
				8DCA906323994B6E00CF8984 /* Release */,
			);
			defaultConfigurationIsVisible = 0;
			defaultConfigurationName = Release;
		};
		8DCA906423994B6E00CF8984 /* Build configuration list for PBXNativeTarget "RevoHttpTests" */ = {
			isa = XCConfigurationList;
			buildConfigurations = (
				8DCA906523994B6E00CF8984 /* Debug */,
				8DCA906623994B6E00CF8984 /* Release */,
			);
			defaultConfigurationIsVisible = 0;
			defaultConfigurationName = Release;
		};
/* End XCConfigurationList section */
	};
	rootObject = 8DCA903A23994B6A00CF8984 /* Project object */;
}
